// !$*UTF8*$!
{
	archiveVersion = 1;
	classes = {
	};
	objectVersion = 50;
	objects = {

/* Begin PBXBuildFile section */
		C9C98787214805F500BCD5F8 /* AppDelegate.swift in Sources */ = {isa = PBXBuildFile; fileRef = C9C98786214805F500BCD5F8 /* AppDelegate.swift */; };
		C9C98789214805F500BCD5F8 /* ViewController.swift in Sources */ = {isa = PBXBuildFile; fileRef = C9C98788214805F500BCD5F8 /* ViewController.swift */; };
		C9C9878C214805F500BCD5F8 /* Main.storyboard in Resources */ = {isa = PBXBuildFile; fileRef = C9C9878A214805F500BCD5F8 /* Main.storyboard */; };
		C9C9878E214805FE00BCD5F8 /* Assets.xcassets in Resources */ = {isa = PBXBuildFile; fileRef = C9C9878D214805FE00BCD5F8 /* Assets.xcassets */; };
		C9C98791214805FE00BCD5F8 /* LaunchScreen.storyboard in Resources */ = {isa = PBXBuildFile; fileRef = C9C9878F214805FE00BCD5F8 /* LaunchScreen.storyboard */; };
		C9C9879C214805FE00BCD5F8 /* ReduxTests.swift in Sources */ = {isa = PBXBuildFile; fileRef = C9C9879B214805FE00BCD5F8 /* ReduxTests.swift */; };
		C9C987A7214805FE00BCD5F8 /* ReduxUITests.swift in Sources */ = {isa = PBXBuildFile; fileRef = C9C987A6214805FE00BCD5F8 /* ReduxUITests.swift */; };
/* End PBXBuildFile section */

/* Begin PBXContainerItemProxy section */
		C9C98798214805FE00BCD5F8 /* PBXContainerItemProxy */ = {
			isa = PBXContainerItemProxy;
			containerPortal = C9C9877B214805F500BCD5F8 /* Project object */;
			proxyType = 1;
			remoteGlobalIDString = C9C98782214805F500BCD5F8;
			remoteInfo = Redux;
		};
		C9C987A3214805FE00BCD5F8 /* PBXContainerItemProxy */ = {
			isa = PBXContainerItemProxy;
			containerPortal = C9C9877B214805F500BCD5F8 /* Project object */;
			proxyType = 1;
			remoteGlobalIDString = C9C98782214805F500BCD5F8;
			remoteInfo = Redux;
		};
/* End PBXContainerItemProxy section */

/* Begin PBXFileReference section */
		C9C98783214805F500BCD5F8 /* Redux.app */ = {isa = PBXFileReference; explicitFileType = wrapper.application; includeInIndex = 0; path = Redux.app; sourceTree = BUILT_PRODUCTS_DIR; };
		C9C98786214805F500BCD5F8 /* AppDelegate.swift */ = {isa = PBXFileReference; lastKnownFileType = sourcecode.swift; path = AppDelegate.swift; sourceTree = "<group>"; };
		C9C98788214805F500BCD5F8 /* ViewController.swift */ = {isa = PBXFileReference; lastKnownFileType = sourcecode.swift; path = ViewController.swift; sourceTree = "<group>"; };
		C9C9878B214805F500BCD5F8 /* Base */ = {isa = PBXFileReference; lastKnownFileType = file.storyboard; name = Base; path = Base.lproj/Main.storyboard; sourceTree = "<group>"; };
		C9C9878D214805FE00BCD5F8 /* Assets.xcassets */ = {isa = PBXFileReference; lastKnownFileType = folder.assetcatalog; path = Assets.xcassets; sourceTree = "<group>"; };
		C9C98790214805FE00BCD5F8 /* Base */ = {isa = PBXFileReference; lastKnownFileType = file.storyboard; name = Base; path = Base.lproj/LaunchScreen.storyboard; sourceTree = "<group>"; };
		C9C98792214805FE00BCD5F8 /* Info.plist */ = {isa = PBXFileReference; lastKnownFileType = text.plist.xml; path = Info.plist; sourceTree = "<group>"; };
		C9C98797214805FE00BCD5F8 /* ReduxTests.xctest */ = {isa = PBXFileReference; explicitFileType = wrapper.cfbundle; includeInIndex = 0; path = ReduxTests.xctest; sourceTree = BUILT_PRODUCTS_DIR; };
		C9C9879B214805FE00BCD5F8 /* ReduxTests.swift */ = {isa = PBXFileReference; lastKnownFileType = sourcecode.swift; path = ReduxTests.swift; sourceTree = "<group>"; };
		C9C9879D214805FE00BCD5F8 /* Info.plist */ = {isa = PBXFileReference; lastKnownFileType = text.plist.xml; path = Info.plist; sourceTree = "<group>"; };
		C9C987A2214805FE00BCD5F8 /* ReduxUITests.xctest */ = {isa = PBXFileReference; explicitFileType = wrapper.cfbundle; includeInIndex = 0; path = ReduxUITests.xctest; sourceTree = BUILT_PRODUCTS_DIR; };
		C9C987A6214805FE00BCD5F8 /* ReduxUITests.swift */ = {isa = PBXFileReference; lastKnownFileType = sourcecode.swift; path = ReduxUITests.swift; sourceTree = "<group>"; };
		C9C987A8214805FE00BCD5F8 /* Info.plist */ = {isa = PBXFileReference; lastKnownFileType = text.plist.xml; path = Info.plist; sourceTree = "<group>"; };
/* End PBXFileReference section */

/* Begin PBXFrameworksBuildPhase section */
		C9C98780214805F500BCD5F8 /* Frameworks */ = {
			isa = PBXFrameworksBuildPhase;
			buildActionMask = 2147483647;
			files = (
			);
			runOnlyForDeploymentPostprocessing = 0;
		};
		C9C98794214805FE00BCD5F8 /* Frameworks */ = {
			isa = PBXFrameworksBuildPhase;
			buildActionMask = 2147483647;
			files = (
			);
			runOnlyForDeploymentPostprocessing = 0;
		};
		C9C9879F214805FE00BCD5F8 /* Frameworks */ = {
			isa = PBXFrameworksBuildPhase;
			buildActionMask = 2147483647;
			files = (
			);
			runOnlyForDeploymentPostprocessing = 0;
		};
/* End PBXFrameworksBuildPhase section */

/* Begin PBXGroup section */
		C9C9877A214805F500BCD5F8 = {
			isa = PBXGroup;
			children = (
				C9C98785214805F500BCD5F8 /* Redux */,
				C9C9879A214805FE00BCD5F8 /* ReduxTests */,
				C9C987A5214805FE00BCD5F8 /* ReduxUITests */,
				C9C98784214805F500BCD5F8 /* Products */,
			);
			sourceTree = "<group>";
		};
		C9C98784214805F500BCD5F8 /* Products */ = {
			isa = PBXGroup;
			children = (
				C9C98783214805F500BCD5F8 /* Redux.app */,
				C9C98797214805FE00BCD5F8 /* ReduxTests.xctest */,
				C9C987A2214805FE00BCD5F8 /* ReduxUITests.xctest */,
			);
			name = Products;
			sourceTree = "<group>";
		};
		C9C98785214805F500BCD5F8 /* Redux */ = {
			isa = PBXGroup;
			children = (
				C9C98786214805F500BCD5F8 /* AppDelegate.swift */,
				C9C98788214805F500BCD5F8 /* ViewController.swift */,
				C9C9878A214805F500BCD5F8 /* Main.storyboard */,
				C9C9878D214805FE00BCD5F8 /* Assets.xcassets */,
				C9C9878F214805FE00BCD5F8 /* LaunchScreen.storyboard */,
				C9C98792214805FE00BCD5F8 /* Info.plist */,
			);
			path = Redux;
			sourceTree = "<group>";
		};
		C9C9879A214805FE00BCD5F8 /* ReduxTests */ = {
			isa = PBXGroup;
			children = (
				C9C9879B214805FE00BCD5F8 /* ReduxTests.swift */,
				C9C9879D214805FE00BCD5F8 /* Info.plist */,
			);
			path = ReduxTests;
			sourceTree = "<group>";
		};
		C9C987A5214805FE00BCD5F8 /* ReduxUITests */ = {
			isa = PBXGroup;
			children = (
				C9C987A6214805FE00BCD5F8 /* ReduxUITests.swift */,
				C9C987A8214805FE00BCD5F8 /* Info.plist */,
			);
			path = ReduxUITests;
			sourceTree = "<group>";
		};
/* End PBXGroup section */

/* Begin PBXNativeTarget section */
		C9C98782214805F500BCD5F8 /* Redux */ = {
			isa = PBXNativeTarget;
			buildConfigurationList = C9C987AB214805FE00BCD5F8 /* Build configuration list for PBXNativeTarget "Redux" */;
			buildPhases = (
				C9C9877F214805F500BCD5F8 /* Sources */,
				C9C98780214805F500BCD5F8 /* Frameworks */,
				C9C98781214805F500BCD5F8 /* Resources */,
			);
			buildRules = (
			);
			dependencies = (
			);
			name = Redux;
			productName = Redux;
			productReference = C9C98783214805F500BCD5F8 /* Redux.app */;
			productType = "com.apple.product-type.application";
		};
		C9C98796214805FE00BCD5F8 /* ReduxTests */ = {
			isa = PBXNativeTarget;
			buildConfigurationList = C9C987AE214805FE00BCD5F8 /* Build configuration list for PBXNativeTarget "ReduxTests" */;
			buildPhases = (
				C9C98793214805FE00BCD5F8 /* Sources */,
				C9C98794214805FE00BCD5F8 /* Frameworks */,
				C9C98795214805FE00BCD5F8 /* Resources */,
			);
			buildRules = (
			);
			dependencies = (
				C9C98799214805FE00BCD5F8 /* PBXTargetDependency */,
			);
			name = ReduxTests;
			productName = ReduxTests;
			productReference = C9C98797214805FE00BCD5F8 /* ReduxTests.xctest */;
			productType = "com.apple.product-type.bundle.unit-test";
		};
		C9C987A1214805FE00BCD5F8 /* ReduxUITests */ = {
			isa = PBXNativeTarget;
			buildConfigurationList = C9C987B1214805FE00BCD5F8 /* Build configuration list for PBXNativeTarget "ReduxUITests" */;
			buildPhases = (
				C9C9879E214805FE00BCD5F8 /* Sources */,
				C9C9879F214805FE00BCD5F8 /* Frameworks */,
				C9C987A0214805FE00BCD5F8 /* Resources */,
			);
			buildRules = (
			);
			dependencies = (
				C9C987A4214805FE00BCD5F8 /* PBXTargetDependency */,
			);
			name = ReduxUITests;
			productName = ReduxUITests;
			productReference = C9C987A2214805FE00BCD5F8 /* ReduxUITests.xctest */;
			productType = "com.apple.product-type.bundle.ui-testing";
		};
/* End PBXNativeTarget section */

/* Begin PBXProject section */
		C9C9877B214805F500BCD5F8 /* Project object */ = {
			isa = PBXProject;
			attributes = {
				LastSwiftUpdateCheck = 0940;
				LastUpgradeCheck = 0940;
				ORGANIZATIONNAME = "ちゅーたつ";
				TargetAttributes = {
					C9C98782214805F500BCD5F8 = {
						CreatedOnToolsVersion = 9.4.1;
					};
					C9C98796214805FE00BCD5F8 = {
						CreatedOnToolsVersion = 9.4.1;
						TestTargetID = C9C98782214805F500BCD5F8;
					};
					C9C987A1214805FE00BCD5F8 = {
						CreatedOnToolsVersion = 9.4.1;
						TestTargetID = C9C98782214805F500BCD5F8;
					};
				};
			};
			buildConfigurationList = C9C9877E214805F500BCD5F8 /* Build configuration list for PBXProject "Redux" */;
			compatibilityVersion = "Xcode 9.3";
			developmentRegion = en;
			hasScannedForEncodings = 0;
			knownRegions = (
				en,
				Base,
			);
			mainGroup = C9C9877A214805F500BCD5F8;
			productRefGroup = C9C98784214805F500BCD5F8 /* Products */;
			projectDirPath = "";
			projectRoot = "";
			targets = (
				C9C98782214805F500BCD5F8 /* Redux */,
				C9C98796214805FE00BCD5F8 /* ReduxTests */,
				C9C987A1214805FE00BCD5F8 /* ReduxUITests */,
			);
		};
/* End PBXProject section */

/* Begin PBXResourcesBuildPhase section */
		C9C98781214805F500BCD5F8 /* Resources */ = {
			isa = PBXResourcesBuildPhase;
			buildActionMask = 2147483647;
			files = (
				C9C98791214805FE00BCD5F8 /* LaunchScreen.storyboard in Resources */,
				C9C9878E214805FE00BCD5F8 /* Assets.xcassets in Resources */,
				C9C9878C214805F500BCD5F8 /* Main.storyboard in Resources */,
			);
			runOnlyForDeploymentPostprocessing = 0;
		};
		C9C98795214805FE00BCD5F8 /* Resources */ = {
			isa = PBXResourcesBuildPhase;
			buildActionMask = 2147483647;
			files = (
			);
			runOnlyForDeploymentPostprocessing = 0;
		};
		C9C987A0214805FE00BCD5F8 /* Resources */ = {
			isa = PBXResourcesBuildPhase;
			buildActionMask = 2147483647;
			files = (
			);
			runOnlyForDeploymentPostprocessing = 0;
		};
/* End PBXResourcesBuildPhase section */

/* Begin PBXSourcesBuildPhase section */
		C9C9877F214805F500BCD5F8 /* Sources */ = {
			isa = PBXSourcesBuildPhase;
			buildActionMask = 2147483647;
			files = (
				C9C98789214805F500BCD5F8 /* ViewController.swift in Sources */,
				C9C98787214805F500BCD5F8 /* AppDelegate.swift in Sources */,
			);
			runOnlyForDeploymentPostprocessing = 0;
		};
		C9C98793214805FE00BCD5F8 /* Sources */ = {
			isa = PBXSourcesBuildPhase;
			buildActionMask = 2147483647;
			files = (
				C9C9879C214805FE00BCD5F8 /* ReduxTests.swift in Sources */,
			);
			runOnlyForDeploymentPostprocessing = 0;
		};
		C9C9879E214805FE00BCD5F8 /* Sources */ = {
			isa = PBXSourcesBuildPhase;
			buildActionMask = 2147483647;
			files = (
				C9C987A7214805FE00BCD5F8 /* ReduxUITests.swift in Sources */,
			);
			runOnlyForDeploymentPostprocessing = 0;
		};
/* End PBXSourcesBuildPhase section */

/* Begin PBXTargetDependency section */
		C9C98799214805FE00BCD5F8 /* PBXTargetDependency */ = {
			isa = PBXTargetDependency;
			target = C9C98782214805F500BCD5F8 /* Redux */;
			targetProxy = C9C98798214805FE00BCD5F8 /* PBXContainerItemProxy */;
		};
		C9C987A4214805FE00BCD5F8 /* PBXTargetDependency */ = {
			isa = PBXTargetDependency;
			target = C9C98782214805F500BCD5F8 /* Redux */;
			targetProxy = C9C987A3214805FE00BCD5F8 /* PBXContainerItemProxy */;
		};
/* End PBXTargetDependency section */

/* Begin PBXVariantGroup section */
		C9C9878A214805F500BCD5F8 /* Main.storyboard */ = {
			isa = PBXVariantGroup;
			children = (
				C9C9878B214805F500BCD5F8 /* Base */,
			);
			name = Main.storyboard;
			sourceTree = "<group>";
		};
		C9C9878F214805FE00BCD5F8 /* LaunchScreen.storyboard */ = {
			isa = PBXVariantGroup;
			children = (
				C9C98790214805FE00BCD5F8 /* Base */,
			);
			name = LaunchScreen.storyboard;
			sourceTree = "<group>";
		};
/* End PBXVariantGroup section */

/* Begin XCBuildConfiguration section */
		C9C987A9214805FE00BCD5F8 /* Debug */ = {
			isa = XCBuildConfiguration;
			buildSettings = {
				ALWAYS_SEARCH_USER_PATHS = NO;
				CLANG_ANALYZER_NONNULL = YES;
				CLANG_ANALYZER_NUMBER_OBJECT_CONVERSION = YES_AGGRESSIVE;
				CLANG_CXX_LANGUAGE_STANDARD = "gnu++14";
				CLANG_CXX_LIBRARY = "libc++";
				CLANG_ENABLE_MODULES = YES;
				CLANG_ENABLE_OBJC_ARC = YES;
				CLANG_ENABLE_OBJC_WEAK = YES;
				CLANG_WARN_BLOCK_CAPTURE_AUTORELEASING = YES;
				CLANG_WARN_BOOL_CONVERSION = YES;
				CLANG_WARN_COMMA = YES;
				CLANG_WARN_CONSTANT_CONVERSION = YES;
				CLANG_WARN_DEPRECATED_OBJC_IMPLEMENTATIONS = YES;
				CLANG_WARN_DIRECT_OBJC_ISA_USAGE = YES_ERROR;
				CLANG_WARN_DOCUMENTATION_COMMENTS = YES;
				CLANG_WARN_EMPTY_BODY = YES;
				CLANG_WARN_ENUM_CONVERSION = YES;
				CLANG_WARN_INFINITE_RECURSION = YES;
				CLANG_WARN_INT_CONVERSION = YES;
				CLANG_WARN_NON_LITERAL_NULL_CONVERSION = YES;
				CLANG_WARN_OBJC_IMPLICIT_RETAIN_SELF = YES;
				CLANG_WARN_OBJC_LITERAL_CONVERSION = YES;
				CLANG_WARN_OBJC_ROOT_CLASS = YES_ERROR;
				CLANG_WARN_RANGE_LOOP_ANALYSIS = YES;
				CLANG_WARN_STRICT_PROTOTYPES = YES;
				CLANG_WARN_SUSPICIOUS_MOVE = YES;
				CLANG_WARN_UNGUARDED_AVAILABILITY = YES_AGGRESSIVE;
				CLANG_WARN_UNREACHABLE_CODE = YES;
				CLANG_WARN__DUPLICATE_METHOD_MATCH = YES;
				CODE_SIGN_IDENTITY = "iPhone Developer";
				COPY_PHASE_STRIP = NO;
				DEBUG_INFORMATION_FORMAT = dwarf;
				ENABLE_STRICT_OBJC_MSGSEND = YES;
				ENABLE_TESTABILITY = YES;
				GCC_C_LANGUAGE_STANDARD = gnu11;
				GCC_DYNAMIC_NO_PIC = NO;
				GCC_NO_COMMON_BLOCKS = YES;
				GCC_OPTIMIZATION_LEVEL = 0;
				GCC_PREPROCESSOR_DEFINITIONS = (
					"DEBUG=1",
					"$(inherited)",
				);
				GCC_WARN_64_TO_32_BIT_CONVERSION = YES;
				GCC_WARN_ABOUT_RETURN_TYPE = YES_ERROR;
				GCC_WARN_UNDECLARED_SELECTOR = YES;
				GCC_WARN_UNINITIALIZED_AUTOS = YES_AGGRESSIVE;
				GCC_WARN_UNUSED_FUNCTION = YES;
				GCC_WARN_UNUSED_VARIABLE = YES;
				IPHONEOS_DEPLOYMENT_TARGET = 11.4;
				MTL_ENABLE_DEBUG_INFO = YES;
				ONLY_ACTIVE_ARCH = YES;
				SDKROOT = iphoneos;
				SWIFT_ACTIVE_COMPILATION_CONDITIONS = DEBUG;
				SWIFT_OPTIMIZATION_LEVEL = "-Onone";
			};
			name = Debug;
		};
		C9C987AA214805FE00BCD5F8 /* Release */ = {
			isa = XCBuildConfiguration;
			buildSettings = {
				ALWAYS_SEARCH_USER_PATHS = NO;
				CLANG_ANALYZER_NONNULL = YES;
				CLANG_ANALYZER_NUMBER_OBJECT_CONVERSION = YES_AGGRESSIVE;
				CLANG_CXX_LANGUAGE_STANDARD = "gnu++14";
				CLANG_CXX_LIBRARY = "libc++";
				CLANG_ENABLE_MODULES = YES;
				CLANG_ENABLE_OBJC_ARC = YES;
				CLANG_ENABLE_OBJC_WEAK = YES;
				CLANG_WARN_BLOCK_CAPTURE_AUTORELEASING = YES;
				CLANG_WARN_BOOL_CONVERSION = YES;
				CLANG_WARN_COMMA = YES;
				CLANG_WARN_CONSTANT_CONVERSION = YES;
				CLANG_WARN_DEPRECATED_OBJC_IMPLEMENTATIONS = YES;
				CLANG_WARN_DIRECT_OBJC_ISA_USAGE = YES_ERROR;
				CLANG_WARN_DOCUMENTATION_COMMENTS = YES;
				CLANG_WARN_EMPTY_BODY = YES;
				CLANG_WARN_ENUM_CONVERSION = YES;
				CLANG_WARN_INFINITE_RECURSION = YES;
				CLANG_WARN_INT_CONVERSION = YES;
				CLANG_WARN_NON_LITERAL_NULL_CONVERSION = YES;
				CLANG_WARN_OBJC_IMPLICIT_RETAIN_SELF = YES;
				CLANG_WARN_OBJC_LITERAL_CONVERSION = YES;
				CLANG_WARN_OBJC_ROOT_CLASS = YES_ERROR;
				CLANG_WARN_RANGE_LOOP_ANALYSIS = YES;
				CLANG_WARN_STRICT_PROTOTYPES = YES;
				CLANG_WARN_SUSPICIOUS_MOVE = YES;
				CLANG_WARN_UNGUARDED_AVAILABILITY = YES_AGGRESSIVE;
				CLANG_WARN_UNREACHABLE_CODE = YES;
				CLANG_WARN__DUPLICATE_METHOD_MATCH = YES;
				CODE_SIGN_IDENTITY = "iPhone Developer";
				COPY_PHASE_STRIP = NO;
				DEBUG_INFORMATION_FORMAT = "dwarf-with-dsym";
				ENABLE_NS_ASSERTIONS = NO;
				ENABLE_STRICT_OBJC_MSGSEND = YES;
				GCC_C_LANGUAGE_STANDARD = gnu11;
				GCC_NO_COMMON_BLOCKS = YES;
				GCC_WARN_64_TO_32_BIT_CONVERSION = YES;
				GCC_WARN_ABOUT_RETURN_TYPE = YES_ERROR;
				GCC_WARN_UNDECLARED_SELECTOR = YES;
				GCC_WARN_UNINITIALIZED_AUTOS = YES_AGGRESSIVE;
				GCC_WARN_UNUSED_FUNCTION = YES;
				GCC_WARN_UNUSED_VARIABLE = YES;
				IPHONEOS_DEPLOYMENT_TARGET = 11.4;
				MTL_ENABLE_DEBUG_INFO = NO;
				SDKROOT = iphoneos;
				SWIFT_COMPILATION_MODE = wholemodule;
				SWIFT_OPTIMIZATION_LEVEL = "-O";
				VALIDATE_PRODUCT = YES;
			};
			name = Release;
		};
		C9C987AC214805FE00BCD5F8 /* Debug */ = {
			isa = XCBuildConfiguration;
			buildSettings = {
				ASSETCATALOG_COMPILER_APPICON_NAME = AppIcon;
				CODE_SIGN_STYLE = Automatic;
				DEVELOPMENT_TEAM = 84SRQMJE42;
				INFOPLIST_FILE = Redux/Info.plist;
				LD_RUNPATH_SEARCH_PATHS = (
					"$(inherited)",
					"@executable_path/Frameworks",
				);
				PRODUCT_BUNDLE_IDENTIFIER = test.Redux;
				PRODUCT_NAME = "$(TARGET_NAME)";
				SWIFT_VERSION = 4.0;
				TARGETED_DEVICE_FAMILY = "1,2";
			};
			name = Debug;
		};
		C9C987AD214805FE00BCD5F8 /* Release */ = {
			isa = XCBuildConfiguration;
			buildSettings = {
				ASSETCATALOG_COMPILER_APPICON_NAME = AppIcon;
				CODE_SIGN_STYLE = Automatic;
				DEVELOPMENT_TEAM = 84SRQMJE42;
				INFOPLIST_FILE = Redux/Info.plist;
				LD_RUNPATH_SEARCH_PATHS = (
					"$(inherited)",
					"@executable_path/Frameworks",
				);
				PRODUCT_BUNDLE_IDENTIFIER = test.Redux;
				PRODUCT_NAME = "$(TARGET_NAME)";
				SWIFT_VERSION = 4.0;
				TARGETED_DEVICE_FAMILY = "1,2";
			};
			name = Release;
		};
		C9C987AF214805FE00BCD5F8 /* Debug */ = {
			isa = XCBuildConfiguration;
			buildSettings = {
				ALWAYS_EMBED_SWIFT_STANDARD_LIBRARIES = YES;
				BUNDLE_LOADER = "$(TEST_HOST)";
				CODE_SIGN_STYLE = Automatic;
				DEVELOPMENT_TEAM = 84SRQMJE42;
				INFOPLIST_FILE = ReduxTests/Info.plist;
				LD_RUNPATH_SEARCH_PATHS = (
					"$(inherited)",
					"@executable_path/Frameworks",
					"@loader_path/Frameworks",
				);
				PRODUCT_BUNDLE_IDENTIFIER = test.ReduxTests;
				PRODUCT_NAME = "$(TARGET_NAME)";
				SWIFT_VERSION = 4.0;
				TARGETED_DEVICE_FAMILY = "1,2";
				TEST_HOST = "$(BUILT_PRODUCTS_DIR)/Redux.app/Redux";
			};
			name = Debug;
		};
		C9C987B0214805FE00BCD5F8 /* Release */ = {
			isa = XCBuildConfiguration;
			buildSettings = {
				ALWAYS_EMBED_SWIFT_STANDARD_LIBRARIES = YES;
				BUNDLE_LOADER = "$(TEST_HOST)";
				CODE_SIGN_STYLE = Automatic;
				DEVELOPMENT_TEAM = 84SRQMJE42;
				INFOPLIST_FILE = ReduxTests/Info.plist;
				LD_RUNPATH_SEARCH_PATHS = (
					"$(inherited)",
					"@executable_path/Frameworks",
					"@loader_path/Frameworks",
				);
				PRODUCT_BUNDLE_IDENTIFIER = test.ReduxTests;
				PRODUCT_NAME = "$(TARGET_NAME)";
				SWIFT_VERSION = 4.0;
				TARGETED_DEVICE_FAMILY = "1,2";
				TEST_HOST = "$(BUILT_PRODUCTS_DIR)/Redux.app/Redux";
			};
			name = Release;
		};
		C9C987B2214805FE00BCD5F8 /* Debug */ = {
			isa = XCBuildConfiguration;
			buildSettings = {
				ALWAYS_EMBED_SWIFT_STANDARD_LIBRARIES = YES;
				CODE_SIGN_STYLE = Automatic;
				DEVELOPMENT_TEAM = 84SRQMJE42;
				INFOPLIST_FILE = ReduxUITests/Info.plist;
				LD_RUNPATH_SEARCH_PATHS = (
					"$(inherited)",
					"@executable_path/Frameworks",
					"@loader_path/Frameworks",
				);
				PRODUCT_BUNDLE_IDENTIFIER = test.ReduxUITests;
				PRODUCT_NAME = "$(TARGET_NAME)";
				SWIFT_VERSION = 4.0;
				TARGETED_DEVICE_FAMILY = "1,2";
				TEST_TARGET_NAME = Redux;
			};
			name = Debug;
		};
		C9C987B3214805FE00BCD5F8 /* Release */ = {
			isa = XCBuildConfiguration;
			buildSettings = {
				ALWAYS_EMBED_SWIFT_STANDARD_LIBRARIES = YES;
				CODE_SIGN_STYLE = Automatic;
				DEVELOPMENT_TEAM = 84SRQMJE42;
				INFOPLIST_FILE = ReduxUITests/Info.plist;
				LD_RUNPATH_SEARCH_PATHS = (
					"$(inherited)",
					"@executable_path/Frameworks",
					"@loader_path/Frameworks",
				);
				PRODUCT_BUNDLE_IDENTIFIER = test.ReduxUITests;
				PRODUCT_NAME = "$(TARGET_NAME)";
				SWIFT_VERSION = 4.0;
				TARGETED_DEVICE_FAMILY = "1,2";
				TEST_TARGET_NAME = Redux;
			};
			name = Release;
		};
/* End XCBuildConfiguration section */

/* Begin XCConfigurationList section */
		C9C9877E214805F500BCD5F8 /* Build configuration list for PBXProject "Redux" */ = {
			isa = XCConfigurationList;
			buildConfigurations = (
				C9C987A9214805FE00BCD5F8 /* Debug */,
				C9C987AA214805FE00BCD5F8 /* Release */,
			);
			defaultConfigurationIsVisible = 0;
			defaultConfigurationName = Release;
		};
		C9C987AB214805FE00BCD5F8 /* Build configuration list for PBXNativeTarget "Redux" */ = {
			isa = XCConfigurationList;
			buildConfigurations = (
				C9C987AC214805FE00BCD5F8 /* Debug */,
				C9C987AD214805FE00BCD5F8 /* Release */,
			);
			defaultConfigurationIsVisible = 0;
			defaultConfigurationName = Release;
		};
		C9C987AE214805FE00BCD5F8 /* Build configuration list for PBXNativeTarget "ReduxTests" */ = {
			isa = XCConfigurationList;
			buildConfigurations = (
				C9C987AF214805FE00BCD5F8 /* Debug */,
				C9C987B0214805FE00BCD5F8 /* Release */,
			);
			defaultConfigurationIsVisible = 0;
			defaultConfigurationName = Release;
		};
		C9C987B1214805FE00BCD5F8 /* Build configuration list for PBXNativeTarget "ReduxUITests" */ = {
			isa = XCConfigurationList;
			buildConfigurations = (
				C9C987B2214805FE00BCD5F8 /* Debug */,
				C9C987B3214805FE00BCD5F8 /* Release */,
			);
			defaultConfigurationIsVisible = 0;
			defaultConfigurationName = Release;
		};
/* End XCConfigurationList section */
	};
	rootObject = C9C9877B214805F500BCD5F8 /* Project object */;
}
